
Microsoft Visual Studio Solution File, Format Version 12.00
# Visual Studio Version 17
VisualStudioVersion = 17.14.36212.18
MinimumVisualStudioVersion = 10.0.40219.1
Project("{2150E333-8FDC-42A3-9474-1A3956D46DE8}") = "Services", "Services", "{02EA681E-C7D8-13C7-8484-4AC65E1B71E8}"
EndProject
Project("{2150E333-8FDC-42A3-9474-1A3956D46DE8}") = "Store", "Store", "{48DA093C-794F-4271-BFDA-432CC8F36989}"
EndProject
Project("{FAE04EC0-301F-11D3-BF4B-00C04F79EFBC}") = "Store.API", "Services\Store\Store.API\Store.API.csproj", "{8371733D-49FA-4423-8A6F-DB154038EC38}"
EndProject
Project("{FAE04EC0-301F-11D3-BF4B-00C04F79EFBC}") = "Store.Data", "Services\Store\Store.Data\Store.Data.csproj", "{5B402A2D-30A7-3B39-32EB-4CF21E5066B7}"
EndProject
Project("{FAE04EC0-301F-11D3-BF4B-00C04F79EFBC}") = "Store.Domain", "Services\Store\Store.Domain\Store.Domain.csproj", "{FB871992-8184-94B3-CB27-D5C059C1EE31}"
EndProject
Project("{2150E333-8FDC-42A3-9474-1A3956D46DE8}") = "Customer", "Customer", "{8D094C83-FEAD-4AF8-AED2-5809D185EDCC}"
EndProject
Project("{FAE04EC0-301F-11D3-BF4B-00C04F79EFBC}") = "Customer.API", "Services\Customer\Customer.API\Customer.API.csproj", "{094CDE8B-9F90-354F-DB69-1BE53D34E458}"
EndProject
Project("{FAE04EC0-301F-11D3-BF4B-00C04F79EFBC}") = "Customer.Data", "Services\Customer\Customer.Data\Customer.Data.csproj", "{197902E3-79C6-D41C-1AB0-F1FE990AA807}"
EndProject
Project("{FAE04EC0-301F-11D3-BF4B-00C04F79EFBC}") = "Customer.Domain", "Services\Customer\Customer.Domain\Customer.Domain.csproj", "{47C04C08-78B3-A30B-C620-B7DC02B6C298}"
EndProject
Project("{2150E333-8FDC-42A3-9474-1A3956D46DE8}") = "Order", "Order", "{96E11B31-0A51-4D1A-AD88-98DE897E9A39}"
EndProject
Project("{2150E333-8FDC-42A3-9474-1A3956D46DE8}") = "BuildingBlocks", "BuildingBlocks", "{CEFCC96C-A54D-4097-B278-28BA57C3F1FB}"
EndProject
Project("{FAE04EC0-301F-11D3-BF4B-00C04F79EFBC}") = "ApiUtility", "BuildingBlocks\ApiUtility\ApiUtility.csproj", "{1389FE33-E861-7198-48CD-66DC6FE0AA6E}"
EndProject
Project("{FAE04EC0-301F-11D3-BF4B-00C04F79EFBC}") = "Extensions", "BuildingBlocks\Extensions\Extensions.csproj", "{8B442F99-1B47-589A-ACB2-020B5CF660A5}"
EndProject
Project("{FAE04EC0-301F-11D3-BF4B-00C04F79EFBC}") = "SharedModel", "BuildingBlocks\SharedModel\SharedModel.csproj", "{20CB769C-F575-2ABE-8A08-897CB95AEC65}"
EndProject
Global
	GlobalSection(SolutionConfigurationPlatforms) = preSolution
		Debug|Any CPU = Debug|Any CPU
		Release|Any CPU = Release|Any CPU
	EndGlobalSection
	GlobalSection(ProjectConfigurationPlatforms) = postSolution
		{8371733D-49FA-4423-8A6F-DB154038EC38}.Debug|Any CPU.ActiveCfg = Debug|Any CPU
		{8371733D-49FA-4423-8A6F-DB154038EC38}.Debug|Any CPU.Build.0 = Debug|Any CPU
		{8371733D-49FA-4423-8A6F-DB154038EC38}.Release|Any CPU.ActiveCfg = Release|Any CPU
		{8371733D-49FA-4423-8A6F-DB154038EC38}.Release|Any CPU.Build.0 = Release|Any CPU
		{5B402A2D-30A7-3B39-32EB-4CF21E5066B7}.Debug|Any CPU.ActiveCfg = Debug|Any CPU
		{5B402A2D-30A7-3B39-32EB-4CF21E5066B7}.Debug|Any CPU.Build.0 = Debug|Any CPU
		{5B402A2D-30A7-3B39-32EB-4CF21E5066B7}.Release|Any CPU.ActiveCfg = Release|Any CPU
		{5B402A2D-30A7-3B39-32EB-4CF21E5066B7}.Release|Any CPU.Build.0 = Release|Any CPU
		{FB871992-8184-94B3-CB27-D5C059C1EE31}.Debug|Any CPU.ActiveCfg = Debug|Any CPU
		{FB871992-8184-94B3-CB27-D5C059C1EE31}.Debug|Any CPU.Build.0 = Debug|Any CPU
		{FB871992-8184-94B3-CB27-D5C059C1EE31}.Release|Any CPU.ActiveCfg = Release|Any CPU
		{FB871992-8184-94B3-CB27-D5C059C1EE31}.Release|Any CPU.Build.0 = Release|Any CPU
		{094CDE8B-9F90-354F-DB69-1BE53D34E458}.Debug|Any CPU.ActiveCfg = Debug|Any CPU
		{094CDE8B-9F90-354F-DB69-1BE53D34E458}.Debug|Any CPU.Build.0 = Debug|Any CPU
		{094CDE8B-9F90-354F-DB69-1BE53D34E458}.Release|Any CPU.ActiveCfg = Release|Any CPU
		{094CDE8B-9F90-354F-DB69-1BE53D34E458}.Release|Any CPU.Build.0 = Release|Any CPU
		{197902E3-79C6-D41C-1AB0-F1FE990AA807}.Debug|Any CPU.ActiveCfg = Debug|Any CPU
		{197902E3-79C6-D41C-1AB0-F1FE990AA807}.Debug|Any CPU.Build.0 = Debug|Any CPU
		{197902E3-79C6-D41C-1AB0-F1FE990AA807}.Release|Any CPU.ActiveCfg = Release|Any CPU
		{197902E3-79C6-D41C-1AB0-F1FE990AA807}.Release|Any CPU.Build.0 = Release|Any CPU
		{47C04C08-78B3-A30B-C620-B7DC02B6C298}.Debug|Any CPU.ActiveCfg = Debug|Any CPU
		{47C04C08-78B3-A30B-C620-B7DC02B6C298}.Debug|Any CPU.Build.0 = Debug|Any CPU
		{47C04C08-78B3-A30B-C620-B7DC02B6C298}.Release|Any CPU.ActiveCfg = Release|Any CPU
		{47C04C08-78B3-A30B-C620-B7DC02B6C298}.Release|Any CPU.Build.0 = Release|Any CPU
		{1389FE33-E861-7198-48CD-66DC6FE0AA6E}.Debug|Any CPU.ActiveCfg = Debug|Any CPU
		{1389FE33-E861-7198-48CD-66DC6FE0AA6E}.Debug|Any CPU.Build.0 = Debug|Any CPU
		{1389FE33-E861-7198-48CD-66DC6FE0AA6E}.Release|Any CPU.ActiveCfg = Release|Any CPU
		{1389FE33-E861-7198-48CD-66DC6FE0AA6E}.Release|Any CPU.Build.0 = Release|Any CPU
		{8B442F99-1B47-589A-ACB2-020B5CF660A5}.Debug|Any CPU.ActiveCfg = Debug|Any CPU
		{8B442F99-1B47-589A-ACB2-020B5CF660A5}.Debug|Any CPU.Build.0 = Debug|Any CPU
		{8B442F99-1B47-589A-ACB2-020B5CF660A5}.Release|Any CPU.ActiveCfg = Release|Any CPU
		{8B442F99-1B47-589A-ACB2-020B5CF660A5}.Release|Any CPU.Build.0 = Release|Any CPU
		{20CB769C-F575-2ABE-8A08-897CB95AEC65}.Debug|Any CPU.ActiveCfg = Debug|Any CPU
		{20CB769C-F575-2ABE-8A08-897CB95AEC65}.Debug|Any CPU.Build.0 = Debug|Any CPU
		{20CB769C-F575-2ABE-8A08-897CB95AEC65}.Release|Any CPU.ActiveCfg = Release|Any CPU
		{20CB769C-F575-2ABE-8A08-897CB95AEC65}.Release|Any CPU.Build.0 = Release|Any CPU
	EndGlobalSection
	GlobalSection(SolutionProperties) = preSolution
		HideSolutionNode = FALSE
	EndGlobalSection
	GlobalSection(NestedProjects) = preSolution
		{48DA093C-794F-4271-BFDA-432CC8F36989} = {02EA681E-C7D8-13C7-8484-4AC65E1B71E8}
		{8371733D-49FA-4423-8A6F-DB154038EC38} = {48DA093C-794F-4271-BFDA-432CC8F36989}
		{5B402A2D-30A7-3B39-32EB-4CF21E5066B7} = {48DA093C-794F-4271-BFDA-432CC8F36989}
		{FB871992-8184-94B3-CB27-D5C059C1EE31} = {48DA093C-794F-4271-BFDA-432CC8F36989}
		{8D094C83-FEAD-4AF8-AED2-5809D185EDCC} = {02EA681E-C7D8-13C7-8484-4AC65E1B71E8}
		{094CDE8B-9F90-354F-DB69-1BE53D34E458} = {8D094C83-FEAD-4AF8-AED2-5809D185EDCC}
		{197902E3-79C6-D41C-1AB0-F1FE990AA807} = {8D094C83-FEAD-4AF8-AED2-5809D185EDCC}
		{47C04C08-78B3-A30B-C620-B7DC02B6C298} = {8D094C83-FEAD-4AF8-AED2-5809D185EDCC}
		{96E11B31-0A51-4D1A-AD88-98DE897E9A39} = {02EA681E-C7D8-13C7-8484-4AC65E1B71E8}
		{1389FE33-E861-7198-48CD-66DC6FE0AA6E} = {CEFCC96C-A54D-4097-B278-28BA57C3F1FB}
		{8B442F99-1B47-589A-ACB2-020B5CF660A5} = {CEFCC96C-A54D-4097-B278-28BA57C3F1FB}
		{20CB769C-F575-2ABE-8A08-897CB95AEC65} = {CEFCC96C-A54D-4097-B278-28BA57C3F1FB}
	EndGlobalSection
	GlobalSection(ExtensibilityGlobals) = postSolution
		SolutionGuid = {07978647-A35E-4489-A7A4-8FA12F09BE30}
	EndGlobalSection
EndGlobal
